Microsoft Visual Studio Solution File, Format Version 12.00
# Visual Studio Version 17
VisualStudioVersion = 17.5.2.0
MinimumVisualStudioVersion = 10.0.40219.1
Project("{FAE04EC0-301F-11D3-BF4B-00C04F79EFBC}") = "SmartHomeScenes", "SmartHomeScenes.csproj", "{5A226E21-E3D0-BD3E-7803-A6E628062042}"
EndProject
Global
	GlobalSection(SolutionConfigurationPlatforms) = preSolution
		Debug|Any CPU = Debug|Any CPU
		Release|Any CPU = Release|Any CPU
	EndGlobalSection
	GlobalSection(ProjectConfigurationPlatforms) = postSolution
		{5A226E21-E3D0-BD3E-7803-A6E628062042}.Debug|Any CPU.ActiveCfg = Debug|Any CPU
		{5A226E21-E3D0-BD3E-7803-A6E628062042}.Debug|Any CPU.Build.0 = Debug|Any CPU
		{5A226E21-E3D0-BD3E-7803-A6E628062042}.Release|Any CPU.ActiveCfg = Release|Any CPU
		{5A226E21-E3D0-BD3E-7803-A6E628062042}.Release|Any CPU.Build.0 = Release|Any CPU
	EndGlobalSection
	GlobalSection(SolutionProperties) = preSolution
		HideSolutionNode = FALSE
	EndGlobalSection
	GlobalSection(ExtensibilityGlobals) = postSolution
		SolutionGuid = {DE99C8FF-89EA-4269-A15E-26F860D644CC}
	EndGlobalSection
EndGlobal
